
Microsoft Visual Studio Solution File, Format Version 12.00
# Visual Studio Version 16
VisualStudioVersion = 16.0.31402.337
MinimumVisualStudioVersion = 10.0.40219.1
Project("{888888A0-9F3D-457C-B088-3A5042F75D52}") = "Practic_lab", "Practic_lab\Practic_lab.pyproj", "{A8DF00B8-8C9D-46E4-BC03-315EE3039D0C}"
EndProject
Global
	GlobalSection(SolutionConfigurationPlatforms) = preSolution
		Debug|Any CPU = Debug|Any CPU
		Release|Any CPU = Release|Any CPU
	EndGlobalSection
	GlobalSection(ProjectConfigurationPlatforms) = postSolution
		{A8DF00B8-8C9D-46E4-BC03-315EE3039D0C}.Debug|Any CPU.ActiveCfg = Debug|Any CPU
		{A8DF00B8-8C9D-46E4-BC03-315EE3039D0C}.Debug|Any CPU.Build.0 = Debug|Any CPU
		{A8DF00B8-8C9D-46E4-BC03-315EE3039D0C}.Release|Any CPU.ActiveCfg = Release|Any CPU
		{A8DF00B8-8C9D-46E4-BC03-315EE3039D0C}.Release|Any CPU.Build.0 = Release|Any CPU
	EndGlobalSection
	GlobalSection(SolutionProperties) = preSolution
		HideSolutionNode = FALSE
	EndGlobalSection
	GlobalSection(ExtensibilityGlobals) = postSolution
		SolutionGuid = {988CD892-7FA9-4889-BA71-6891B75D9313}
	EndGlobalSection
EndGlobal
